// !$*UTF8*$!
{
	archiveVersion = 1;
	classes = {
	};
	objectVersion = 48;
	objects = {

/* Begin PBXBuildFile section */
		6583689DBC407F405251370D /* Pods_FideasLib.framework in Frameworks */ = {isa = PBXBuildFile; fileRef = 5B8A77EF56A48CBBDDA0732B /* Pods_FideasLib.framework */; };
		98010C1D1FF6774600E18325 /* ReportQueryResult.swift in Sources */ = {isa = PBXBuildFile; fileRef = 98010C1C1FF6774600E18325 /* ReportQueryResult.swift */; };
		9816B3E81FBF0BDE004DB520 /* RegisterOperationResult.swift in Sources */ = {isa = PBXBuildFile; fileRef = 9816B3E71FBF0BDE004DB520 /* RegisterOperationResult.swift */; };
		9816B3EA1FBF0D4B004DB520 /* CustomerProfile.swift in Sources */ = {isa = PBXBuildFile; fileRef = 9816B3E91FBF0D4B004DB520 /* CustomerProfile.swift */; };
		983311C11FC3568F001D886E /* UpdateOperationResult.swift in Sources */ = {isa = PBXBuildFile; fileRef = 983311C01FC3568F001D886E /* UpdateOperationResult.swift */; };
		983311C31FC35CB6001D886E /* KKBRequestResponse.swift in Sources */ = {isa = PBXBuildFile; fileRef = 983311C21FC35CB6001D886E /* KKBRequestResponse.swift */; };
		98679B901FEBC57D001C47A4 /* XmlCreatorEngine.swift in Sources */ = {isa = PBXBuildFile; fileRef = 98679B8F1FEBC57D001C47A4 /* XmlCreatorEngine.swift */; };
		98679B951FF44901001C47A4 /* DecisionEngine.swift in Sources */ = {isa = PBXBuildFile; fileRef = 98679B941FF44901001C47A4 /* DecisionEngine.swift */; };
		98E36E4D1F8577C800370443 /* FideaConnector.swift in Sources */ = {isa = PBXBuildFile; fileRef = 98E36E4C1F8577C800370443 /* FideaConnector.swift */; };
		98E36E4F1F8578A400370443 /* AuthenticationResult.swift in Sources */ = {isa = PBXBuildFile; fileRef = 98E36E4E1F8578A400370443 /* AuthenticationResult.swift */; };
		98E36E511F8578BC00370443 /* Enums.swift in Sources */ = {isa = PBXBuildFile; fileRef = 98E36E501F8578BC00370443 /* Enums.swift */; };
		98E36E531F857EC400370443 /* KKBResponse.swift in Sources */ = {isa = PBXBuildFile; fileRef = 98E36E521F857EC400370443 /* KKBResponse.swift */; };
		98E36E551F857F7100370443 /* ReportResult.swift in Sources */ = {isa = PBXBuildFile; fileRef = 98E36E541F857F7100370443 /* ReportResult.swift */; };
/* End PBXBuildFile section */

/* Begin PBXFileReference section */
		526B97EC86AC702C1D10398F /* Pods-FideasLib.debug.xcconfig */ = {isa = PBXFileReference; includeInIndex = 1; lastKnownFileType = text.xcconfig; name = "Pods-FideasLib.debug.xcconfig"; path = "Pods/Target Support Files/Pods-FideasLib/Pods-FideasLib.debug.xcconfig"; sourceTree = "<group>"; };
		5B8A77EF56A48CBBDDA0732B /* Pods_FideasLib.framework */ = {isa = PBXFileReference; explicitFileType = wrapper.framework; includeInIndex = 0; path = Pods_FideasLib.framework; sourceTree = BUILT_PRODUCTS_DIR; };
		98010C1C1FF6774600E18325 /* ReportQueryResult.swift */ = {isa = PBXFileReference; lastKnownFileType = sourcecode.swift; path = ReportQueryResult.swift; sourceTree = "<group>"; };
		9816B3E71FBF0BDE004DB520 /* RegisterOperationResult.swift */ = {isa = PBXFileReference; lastKnownFileType = sourcecode.swift; path = RegisterOperationResult.swift; sourceTree = "<group>"; };
		9816B3E91FBF0D4B004DB520 /* CustomerProfile.swift */ = {isa = PBXFileReference; lastKnownFileType = sourcecode.swift; path = CustomerProfile.swift; sourceTree = "<group>"; };
		983311C01FC3568F001D886E /* UpdateOperationResult.swift */ = {isa = PBXFileReference; lastKnownFileType = sourcecode.swift; path = UpdateOperationResult.swift; sourceTree = "<group>"; };
		983311C21FC35CB6001D886E /* KKBRequestResponse.swift */ = {isa = PBXFileReference; lastKnownFileType = sourcecode.swift; path = KKBRequestResponse.swift; sourceTree = "<group>"; };
		98679B8F1FEBC57D001C47A4 /* XmlCreatorEngine.swift */ = {isa = PBXFileReference; lastKnownFileType = sourcecode.swift; path = XmlCreatorEngine.swift; sourceTree = "<group>"; };
		98679B931FF3BE1F001C47A4 /* FideasLib.h */ = {isa = PBXFileReference; lastKnownFileType = sourcecode.c.h; path = FideasLib.h; sourceTree = "<group>"; };
		98679B941FF44901001C47A4 /* DecisionEngine.swift */ = {isa = PBXFileReference; lastKnownFileType = sourcecode.swift; path = DecisionEngine.swift; sourceTree = "<group>"; };
		98E36E411F85770C00370443 /* FideasLib.framework */ = {isa = PBXFileReference; explicitFileType = wrapper.framework; includeInIndex = 0; path = FideasLib.framework; sourceTree = BUILT_PRODUCTS_DIR; };
		98E36E451F85770C00370443 /* Info.plist */ = {isa = PBXFileReference; lastKnownFileType = text.plist.xml; path = Info.plist; sourceTree = "<group>"; };
		98E36E4C1F8577C800370443 /* FideaConnector.swift */ = {isa = PBXFileReference; lastKnownFileType = sourcecode.swift; path = FideaConnector.swift; sourceTree = "<group>"; };
		98E36E4E1F8578A400370443 /* AuthenticationResult.swift */ = {isa = PBXFileReference; lastKnownFileType = sourcecode.swift; path = AuthenticationResult.swift; sourceTree = "<group>"; };
		98E36E501F8578BC00370443 /* Enums.swift */ = {isa = PBXFileReference; lastKnownFileType = sourcecode.swift; path = Enums.swift; sourceTree = "<group>"; };
		98E36E521F857EC400370443 /* KKBResponse.swift */ = {isa = PBXFileReference; lastKnownFileType = sourcecode.swift; path = KKBResponse.swift; sourceTree = "<group>"; };
		98E36E541F857F7100370443 /* ReportResult.swift */ = {isa = PBXFileReference; lastKnownFileType = sourcecode.swift; path = ReportResult.swift; sourceTree = "<group>"; };
		9BA50E77E390932FCA54F5B4 /* Pods-FideasLib.release.xcconfig */ = {isa = PBXFileReference; includeInIndex = 1; lastKnownFileType = text.xcconfig; name = "Pods-FideasLib.release.xcconfig"; path = "Pods/Target Support Files/Pods-FideasLib/Pods-FideasLib.release.xcconfig"; sourceTree = "<group>"; };
/* End PBXFileReference section */

/* Begin PBXFrameworksBuildPhase section */
		98E36E3D1F85770C00370443 /* Frameworks */ = {
			isa = PBXFrameworksBuildPhase;
			buildActionMask = 2147483647;
			files = (
				6583689DBC407F405251370D /* Pods_FideasLib.framework in Frameworks */,
			);
			runOnlyForDeploymentPostprocessing = 0;
		};
/* End PBXFrameworksBuildPhase section */

/* Begin PBXGroup section */
		1F986CF10ED88577BB73E5C8 /* Pods */ = {
			isa = PBXGroup;
			children = (
				526B97EC86AC702C1D10398F /* Pods-FideasLib.debug.xcconfig */,
				9BA50E77E390932FCA54F5B4 /* Pods-FideasLib.release.xcconfig */,
			);
			name = Pods;
			sourceTree = "<group>";
		};
		98010C1A1FF6769F00E18325 /* Models */ = {
			isa = PBXGroup;
			children = (
			);
			path = Models;
			sourceTree = "<group>";
		};
		98010C1B1FF676B100E18325 /* Helpers */ = {
			isa = PBXGroup;
			children = (
			);
			path = Helpers;
			sourceTree = "<group>";
		};
		98E36E371F85770C00370443 = {
			isa = PBXGroup;
			children = (
				98E36E431F85770C00370443 /* FideasLib */,
				98E36E421F85770C00370443 /* Products */,
				1F986CF10ED88577BB73E5C8 /* Pods */,
				9C5E964EC47C07A24B10544D /* Frameworks */,
			);
			sourceTree = "<group>";
		};
		98E36E421F85770C00370443 /* Products */ = {
			isa = PBXGroup;
			children = (
				98E36E411F85770C00370443 /* FideasLib.framework */,
			);
			name = Products;
			sourceTree = "<group>";
		};
		98E36E431F85770C00370443 /* FideasLib */ = {
			isa = PBXGroup;
			children = (
				98679B8F1FEBC57D001C47A4 /* XmlCreatorEngine.swift */,
				98E36E501F8578BC00370443 /* Enums.swift */,
				9816B3E71FBF0BDE004DB520 /* RegisterOperationResult.swift */,
				9816B3E91FBF0D4B004DB520 /* CustomerProfile.swift */,
				98679B941FF44901001C47A4 /* DecisionEngine.swift */,
				983311C01FC3568F001D886E /* UpdateOperationResult.swift */,
				983311C21FC35CB6001D886E /* KKBRequestResponse.swift */,
				98E36E4E1F8578A400370443 /* AuthenticationResult.swift */,
				98E36E541F857F7100370443 /* ReportResult.swift */,
				98E36E521F857EC400370443 /* KKBResponse.swift */,
				98010C1C1FF6774600E18325 /* ReportQueryResult.swift */,
				98010C1B1FF676B100E18325 /* Helpers */,
				98010C1A1FF6769F00E18325 /* Models */,
				98E36E451F85770C00370443 /* Info.plist */,
				98E36E4C1F8577C800370443 /* FideaConnector.swift */,
				98679B931FF3BE1F001C47A4 /* FideasLib.h */,
			);
			path = FideasLib;
			sourceTree = "<group>";
		};
		9C5E964EC47C07A24B10544D /* Frameworks */ = {
			isa = PBXGroup;
			children = (
				5B8A77EF56A48CBBDDA0732B /* Pods_FideasLib.framework */,
			);
			name = Frameworks;
			sourceTree = "<group>";
		};
/* End PBXGroup section */

/* Begin PBXHeadersBuildPhase section */
		98E36E3E1F85770C00370443 /* Headers */ = {
			isa = PBXHeadersBuildPhase;
			buildActionMask = 2147483647;
			files = (
			);
			runOnlyForDeploymentPostprocessing = 0;
		};
/* End PBXHeadersBuildPhase section */

/* Begin PBXNativeTarget section */
		98E36E401F85770C00370443 /* FideasLib */ = {
			isa = PBXNativeTarget;
			buildConfigurationList = 98E36E491F85770C00370443 /* Build configuration list for PBXNativeTarget "FideasLib" */;
			buildPhases = (
				56CD433375A100B3432152A2 /* [CP] Check Pods Manifest.lock */,
				98E36E3C1F85770C00370443 /* Sources */,
				98E36E3D1F85770C00370443 /* Frameworks */,
				98E36E3E1F85770C00370443 /* Headers */,
				98E36E3F1F85770C00370443 /* Resources */,
				2D49F00677B462392E44F611 /* [CP] Copy Pods Resources */,
			);
			buildRules = (
			);
			dependencies = (
			);
			name = FideasLib;
			productName = FideasLib;
			productReference = 98E36E411F85770C00370443 /* FideasLib.framework */;
			productType = "com.apple.product-type.framework";
		};
/* End PBXNativeTarget section */

/* Begin PBXProject section */
		98E36E381F85770C00370443 /* Project object */ = {
			isa = PBXProject;
			attributes = {
				LastUpgradeCheck = 0920;
				ORGANIZATIONNAME = Salyangoz;
				TargetAttributes = {
					98E36E401F85770C00370443 = {
						CreatedOnToolsVersion = 9.0;
						LastSwiftMigration = 0900;
						ProvisioningStyle = Automatic;
					};
				};
			};
			buildConfigurationList = 98E36E3B1F85770C00370443 /* Build configuration list for PBXProject "FideasLib" */;
			compatibilityVersion = "Xcode 8.0";
			developmentRegion = en;
			hasScannedForEncodings = 0;
			knownRegions = (
				en,
			);
			mainGroup = 98E36E371F85770C00370443;
			productRefGroup = 98E36E421F85770C00370443 /* Products */;
			projectDirPath = "";
			projectRoot = "";
			targets = (
				98E36E401F85770C00370443 /* FideasLib */,
			);
		};
/* End PBXProject section */

/* Begin PBXResourcesBuildPhase section */
		98E36E3F1F85770C00370443 /* Resources */ = {
			isa = PBXResourcesBuildPhase;
			buildActionMask = 2147483647;
			files = (
			);
			runOnlyForDeploymentPostprocessing = 0;
		};
/* End PBXResourcesBuildPhase section */

/* Begin PBXShellScriptBuildPhase section */
		2D49F00677B462392E44F611 /* [CP] Copy Pods Resources */ = {
			isa = PBXShellScriptBuildPhase;
			buildActionMask = 2147483647;
			files = (
			);
			inputPaths = (
			);
			name = "[CP] Copy Pods Resources";
			outputPaths = (
			);
			runOnlyForDeploymentPostprocessing = 0;
			shellPath = /bin/sh;
			shellScript = "\"${SRCROOT}/Pods/Target Support Files/Pods-FideasLib/Pods-FideasLib-resources.sh\"\n";
			showEnvVarsInLog = 0;
		};
		56CD433375A100B3432152A2 /* [CP] Check Pods Manifest.lock */ = {
			isa = PBXShellScriptBuildPhase;
			buildActionMask = 2147483647;
			files = (
			);
			inputPaths = (
				"${PODS_PODFILE_DIR_PATH}/Podfile.lock",
				"${PODS_ROOT}/Manifest.lock",
			);
			name = "[CP] Check Pods Manifest.lock";
			outputPaths = (
				"$(DERIVED_FILE_DIR)/Pods-FideasLib-checkManifestLockResult.txt",
			);
			runOnlyForDeploymentPostprocessing = 0;
			shellPath = /bin/sh;
			shellScript = "diff \"${PODS_PODFILE_DIR_PATH}/Podfile.lock\" \"${PODS_ROOT}/Manifest.lock\" > /dev/null\nif [ $? != 0 ] ; then\n    # print error to STDERR\n    echo \"error: The sandbox is not in sync with the Podfile.lock. Run 'pod install' or update your CocoaPods installation.\" >&2\n    exit 1\nfi\n# This output is used by Xcode 'outputs' to avoid re-running this script phase.\necho \"SUCCESS\" > \"${SCRIPT_OUTPUT_FILE_0}\"\n";
			showEnvVarsInLog = 0;
		};
/* End PBXShellScriptBuildPhase section */

/* Begin PBXSourcesBuildPhase section */
		98E36E3C1F85770C00370443 /* Sources */ = {
			isa = PBXSourcesBuildPhase;
			buildActionMask = 2147483647;
			files = (
				98679B951FF44901001C47A4 /* DecisionEngine.swift in Sources */,
				9816B3EA1FBF0D4B004DB520 /* CustomerProfile.swift in Sources */,
				983311C11FC3568F001D886E /* UpdateOperationResult.swift in Sources */,
				983311C31FC35CB6001D886E /* KKBRequestResponse.swift in Sources */,
				98E36E551F857F7100370443 /* ReportResult.swift in Sources */,
				98E36E4F1F8578A400370443 /* AuthenticationResult.swift in Sources */,
				98E36E511F8578BC00370443 /* Enums.swift in Sources */,
				98E36E4D1F8577C800370443 /* FideaConnector.swift in Sources */,
				98E36E531F857EC400370443 /* KKBResponse.swift in Sources */,
				98679B901FEBC57D001C47A4 /* XmlCreatorEngine.swift in Sources */,
				9816B3E81FBF0BDE004DB520 /* RegisterOperationResult.swift in Sources */,
				98010C1D1FF6774600E18325 /* ReportQueryResult.swift in Sources */,
			);
			runOnlyForDeploymentPostprocessing = 0;
		};
/* End PBXSourcesBuildPhase section */

/* Begin XCBuildConfiguration section */
		98E36E471F85770C00370443 /* Debug */ = {
			isa = XCBuildConfiguration;
			buildSettings = {
				ALWAYS_SEARCH_USER_PATHS = NO;
				CLANG_ANALYZER_NONNULL = YES;
				CLANG_ANALYZER_NUMBER_OBJECT_CONVERSION = YES_AGGRESSIVE;
				CLANG_CXX_LANGUAGE_STANDARD = "gnu++14";
				CLANG_CXX_LIBRARY = "libc++";
				CLANG_ENABLE_MODULES = YES;
				CLANG_ENABLE_OBJC_ARC = YES;
				CLANG_WARN_BLOCK_CAPTURE_AUTORELEASING = YES;
				CLANG_WARN_BOOL_CONVERSION = YES;
				CLANG_WARN_COMMA = YES;
				CLANG_WARN_CONSTANT_CONVERSION = YES;
				CLANG_WARN_DIRECT_OBJC_ISA_USAGE = YES_ERROR;
				CLANG_WARN_DOCUMENTATION_COMMENTS = YES;
				CLANG_WARN_EMPTY_BODY = YES;
				CLANG_WARN_ENUM_CONVERSION = YES;
				CLANG_WARN_INFINITE_RECURSION = YES;
				CLANG_WARN_INT_CONVERSION = YES;
				CLANG_WARN_NON_LITERAL_NULL_CONVERSION = YES;
				CLANG_WARN_OBJC_LITERAL_CONVERSION = YES;
				CLANG_WARN_OBJC_ROOT_CLASS = YES_ERROR;
				CLANG_WARN_RANGE_LOOP_ANALYSIS = YES;
				CLANG_WARN_STRICT_PROTOTYPES = YES;
				CLANG_WARN_SUSPICIOUS_MOVE = YES;
				CLANG_WARN_UNGUARDED_AVAILABILITY = YES_AGGRESSIVE;
				CLANG_WARN_UNREACHABLE_CODE = YES;
				CLANG_WARN__DUPLICATE_METHOD_MATCH = YES;
				CODE_SIGN_IDENTITY = "iPhone Developer";
				COPY_PHASE_STRIP = NO;
				CURRENT_PROJECT_VERSION = 1;
				DEBUG_INFORMATION_FORMAT = dwarf;
				ENABLE_STRICT_OBJC_MSGSEND = YES;
				ENABLE_TESTABILITY = YES;
				GCC_C_LANGUAGE_STANDARD = gnu11;
				GCC_DYNAMIC_NO_PIC = NO;
				GCC_NO_COMMON_BLOCKS = YES;
				GCC_OPTIMIZATION_LEVEL = 0;
				GCC_PREPROCESSOR_DEFINITIONS = (
					"DEBUG=1",
					"$(inherited)",
				);
				GCC_WARN_64_TO_32_BIT_CONVERSION = YES;
				GCC_WARN_ABOUT_RETURN_TYPE = YES_ERROR;
				GCC_WARN_UNDECLARED_SELECTOR = YES;
				GCC_WARN_UNINITIALIZED_AUTOS = YES_AGGRESSIVE;
				GCC_WARN_UNUSED_FUNCTION = YES;
				GCC_WARN_UNUSED_VARIABLE = YES;
				IPHONEOS_DEPLOYMENT_TARGET = 11.0;
				MTL_ENABLE_DEBUG_INFO = YES;
				ONLY_ACTIVE_ARCH = YES;
				SDKROOT = iphoneos;
				SWIFT_ACTIVE_COMPILATION_CONDITIONS = DEBUG;
				SWIFT_OBJC_BRIDGING_HEADER = "";
				SWIFT_OPTIMIZATION_LEVEL = "-Onone";
				VERSIONING_SYSTEM = "apple-generic";
				VERSION_INFO_PREFIX = "";
			};
			name = Debug;
		};
		98E36E481F85770C00370443 /* Release */ = {
			isa = XCBuildConfiguration;
			buildSettings = {
				ALWAYS_SEARCH_USER_PATHS = NO;
				CLANG_ANALYZER_NONNULL = YES;
				CLANG_ANALYZER_NUMBER_OBJECT_CONVERSION = YES_AGGRESSIVE;
				CLANG_CXX_LANGUAGE_STANDARD = "gnu++14";
				CLANG_CXX_LIBRARY = "libc++";
				CLANG_ENABLE_MODULES = YES;
				CLANG_ENABLE_OBJC_ARC = YES;
				CLANG_WARN_BLOCK_CAPTURE_AUTORELEASING = YES;
				CLANG_WARN_BOOL_CONVERSION = YES;
				CLANG_WARN_COMMA = YES;
				CLANG_WARN_CONSTANT_CONVERSION = YES;
				CLANG_WARN_DIRECT_OBJC_ISA_USAGE = YES_ERROR;
				CLANG_WARN_DOCUMENTATION_COMMENTS = YES;
				CLANG_WARN_EMPTY_BODY = YES;
				CLANG_WARN_ENUM_CONVERSION = YES;
				CLANG_WARN_INFINITE_RECURSION = YES;
				CLANG_WARN_INT_CONVERSION = YES;
				CLANG_WARN_NON_LITERAL_NULL_CONVERSION = YES;
				CLANG_WARN_OBJC_LITERAL_CONVERSION = YES;
				CLANG_WARN_OBJC_ROOT_CLASS = YES_ERROR;
				CLANG_WARN_RANGE_LOOP_ANALYSIS = YES;
				CLANG_WARN_STRICT_PROTOTYPES = YES;
				CLANG_WARN_SUSPICIOUS_MOVE = YES;
				CLANG_WARN_UNGUARDED_AVAILABILITY = YES_AGGRESSIVE;
				CLANG_WARN_UNREACHABLE_CODE = YES;
				CLANG_WARN__DUPLICATE_METHOD_MATCH = YES;
				CODE_SIGN_IDENTITY = "iPhone Developer";
				COPY_PHASE_STRIP = NO;
				CURRENT_PROJECT_VERSION = 1;
				DEBUG_INFORMATION_FORMAT = "dwarf-with-dsym";
				ENABLE_NS_ASSERTIONS = NO;
				ENABLE_STRICT_OBJC_MSGSEND = YES;
				GCC_C_LANGUAGE_STANDARD = gnu11;
				GCC_NO_COMMON_BLOCKS = YES;
				GCC_WARN_64_TO_32_BIT_CONVERSION = YES;
				GCC_WARN_ABOUT_RETURN_TYPE = YES_ERROR;
				GCC_WARN_UNDECLARED_SELECTOR = YES;
				GCC_WARN_UNINITIALIZED_AUTOS = YES_AGGRESSIVE;
				GCC_WARN_UNUSED_FUNCTION = YES;
				GCC_WARN_UNUSED_VARIABLE = YES;
				IPHONEOS_DEPLOYMENT_TARGET = 11.0;
				MTL_ENABLE_DEBUG_INFO = NO;
				SDKROOT = iphoneos;
				SWIFT_OBJC_BRIDGING_HEADER = "";
				SWIFT_OPTIMIZATION_LEVEL = "-Owholemodule";
				VALIDATE_PRODUCT = YES;
				VERSIONING_SYSTEM = "apple-generic";
				VERSION_INFO_PREFIX = "";
			};
			name = Release;
		};
		98E36E4A1F85770C00370443 /* Debug */ = {
			isa = XCBuildConfiguration;
			baseConfigurationReference = 526B97EC86AC702C1D10398F /* Pods-FideasLib.debug.xcconfig */;
			buildSettings = {
				CLANG_ENABLE_MODULES = YES;
				CODE_SIGN_IDENTITY = "";
				"CODE_SIGN_IDENTITY[sdk=iphoneos*]" = "";
				CODE_SIGN_STYLE = Automatic;
				DEFINES_MODULE = YES;
				DEVELOPMENT_TEAM = 799TBCGXRD;
				DYLIB_COMPATIBILITY_VERSION = 1;
				DYLIB_CURRENT_VERSION = 1;
				DYLIB_INSTALL_NAME_BASE = "@rpath";
				INFOPLIST_FILE = FideasLib/Info.plist;
				INSTALL_PATH = "$(LOCAL_LIBRARY_DIR)/Frameworks";
				LD_RUNPATH_SEARCH_PATHS = "$(inherited) @executable_path/Frameworks @loader_path/Frameworks";
				NEW_SETTING = "";
				PRODUCT_BUNDLE_IDENTIFIER = com.salyangoz.FideasLib;
				PRODUCT_NAME = "$(TARGET_NAME:c99extidentifier)";
				SKIP_INSTALL = YES;
				SWIFT_OPTIMIZATION_LEVEL = "-Onone";
				SWIFT_VERSION = 4.0;
				TARGETED_DEVICE_FAMILY = "1,2";
			};
			name = Debug;
		};
		98E36E4B1F85770C00370443 /* Release */ = {
			isa = XCBuildConfiguration;
			baseConfigurationReference = 9BA50E77E390932FCA54F5B4 /* Pods-FideasLib.release.xcconfig */;
			buildSettings = {
				CLANG_ENABLE_MODULES = YES;
				CODE_SIGN_IDENTITY = "";
				CODE_SIGN_STYLE = Automatic;
				DEFINES_MODULE = YES;
				DEVELOPMENT_TEAM = 799TBCGXRD;
				DYLIB_COMPATIBILITY_VERSION = 1;
				DYLIB_CURRENT_VERSION = 1;
				DYLIB_INSTALL_NAME_BASE = "@rpath";
				INFOPLIST_FILE = FideasLib/Info.plist;
				INSTALL_PATH = "$(LOCAL_LIBRARY_DIR)/Frameworks";
				LD_RUNPATH_SEARCH_PATHS = "$(inherited) @executable_path/Frameworks @loader_path/Frameworks";
				NEW_SETTING = "";
				PRODUCT_BUNDLE_IDENTIFIER = com.salyangoz.FideasLib;
				PRODUCT_NAME = "$(TARGET_NAME:c99extidentifier)";
				SKIP_INSTALL = YES;
				SWIFT_VERSION = 4.0;
				TARGETED_DEVICE_FAMILY = "1,2";
			};
			name = Release;
		};
/* End XCBuildConfiguration section */

/* Begin XCConfigurationList section */
		98E36E3B1F85770C00370443 /* Build configuration list for PBXProject "FideasLib" */ = {
			isa = XCConfigurationList;
			buildConfigurations = (
				98E36E471F85770C00370443 /* Debug */,
				98E36E481F85770C00370443 /* Release */,
			);
			defaultConfigurationIsVisible = 0;
			defaultConfigurationName = Release;
		};
		98E36E491F85770C00370443 /* Build configuration list for PBXNativeTarget "FideasLib" */ = {
			isa = XCConfigurationList;
			buildConfigurations = (
				98E36E4A1F85770C00370443 /* Debug */,
				98E36E4B1F85770C00370443 /* Release */,
			);
			defaultConfigurationIsVisible = 0;
			defaultConfigurationName = Release;
		};
/* End XCConfigurationList section */
	};
	rootObject = 98E36E381F85770C00370443 /* Project object */;
}
