PODS:
  - Alamofire (4.6.0)
  - AlamofireSwiftyJSON (1.0.0):
    - Alamofire (~> 4.0)
    - SwiftyJSON (~> 3.0)
  - SwiftyJSON (3.1.4)
  - SWXMLHash (4.0.0)

DEPENDENCIES:
  - Alamofire
  - AlamofireSwiftyJSON
  - SWXMLHash (~> 4.0.0)

SPEC CHECKSUMS:
  Alamofire: f41a599bd63041760b26d393ec1069d9d7b917f4
  AlamofireSwiftyJSON: 78908b766483a28aa5cc90fd191a687467042973
  SwiftyJSON: c2842d878f95482ffceec5709abc3d05680c0220
  SWXMLHash: 6bbc0bf72975a18ceda469fb7d6a886a26d81694

PODFILE CHECKSUM: 95d0e009ccdb30faa26ae9f5a2a419ca212098a5

COCOAPODS: 1.4.0.beta.2
