// !$*UTF8*$!
{
	archiveVersion = 1;
	classes = {
	};
	objectVersion = 48;
	objects = {

/* Begin PBXBuildFile section */
		98A6896D1FBB3560001177F3 /* AppDelegate.swift in Sources */ = {isa = PBXBuildFile; fileRef = 98A6896C1FBB3560001177F3 /* AppDelegate.swift */; };
		98A6896F1FBB3560001177F3 /* ViewController.swift in Sources */ = {isa = PBXBuildFile; fileRef = 98A6896E1FBB3560001177F3 /* ViewController.swift */; };
		98A689721FBB3560001177F3 /* Main.storyboard in Resources */ = {isa = PBXBuildFile; fileRef = 98A689701FBB3560001177F3 /* Main.storyboard */; };
		98A689741FBB3560001177F3 /* Assets.xcassets in Resources */ = {isa = PBXBuildFile; fileRef = 98A689731FBB3560001177F3 /* Assets.xcassets */; };
		98A689771FBB3560001177F3 /* LaunchScreen.storyboard in Resources */ = {isa = PBXBuildFile; fileRef = 98A689751FBB3560001177F3 /* LaunchScreen.storyboard */; };
		98A689851FBB371C001177F3 /* FideasLib.framework in Frameworks */ = {isa = PBXBuildFile; fileRef = 98A689861FBB371C001177F3 /* FideasLib.framework */; };
/* End PBXBuildFile section */

/* Begin PBXFileReference section */
		98A689691FBB3560001177F3 /* FideasLibTest.app */ = {isa = PBXFileReference; explicitFileType = wrapper.application; includeInIndex = 0; path = FideasLibTest.app; sourceTree = BUILT_PRODUCTS_DIR; };
		98A6896C1FBB3560001177F3 /* AppDelegate.swift */ = {isa = PBXFileReference; lastKnownFileType = sourcecode.swift; path = AppDelegate.swift; sourceTree = "<group>"; };
		98A6896E1FBB3560001177F3 /* ViewController.swift */ = {isa = PBXFileReference; lastKnownFileType = sourcecode.swift; path = ViewController.swift; sourceTree = "<group>"; };
		98A689711FBB3560001177F3 /* Base */ = {isa = PBXFileReference; lastKnownFileType = file.storyboard; name = Base; path = Base.lproj/Main.storyboard; sourceTree = "<group>"; };
		98A689731FBB3560001177F3 /* Assets.xcassets */ = {isa = PBXFileReference; lastKnownFileType = folder.assetcatalog; path = Assets.xcassets; sourceTree = "<group>"; };
		98A689761FBB3560001177F3 /* Base */ = {isa = PBXFileReference; lastKnownFileType = file.storyboard; name = Base; path = Base.lproj/LaunchScreen.storyboard; sourceTree = "<group>"; };
		98A689781FBB3560001177F3 /* Info.plist */ = {isa = PBXFileReference; lastKnownFileType = text.plist.xml; path = Info.plist; sourceTree = "<group>"; };
		98A6897E1FBB3611001177F3 /* FideasLib.framework */ = {isa = PBXFileReference; explicitFileType = wrapper.framework; path = FideasLib.framework; sourceTree = BUILT_PRODUCTS_DIR; };
		98A689841FBB36FD001177F3 /* Alamofire.framework */ = {isa = PBXFileReference; explicitFileType = wrapper.framework; path = Alamofire.framework; sourceTree = BUILT_PRODUCTS_DIR; };
		98A689861FBB371C001177F3 /* FideasLib.framework */ = {isa = PBXFileReference; explicitFileType = wrapper.framework; path = FideasLib.framework; sourceTree = BUILT_PRODUCTS_DIR; };
/* End PBXFileReference section */

/* Begin PBXFrameworksBuildPhase section */
		98A689661FBB3560001177F3 /* Frameworks */ = {
			isa = PBXFrameworksBuildPhase;
			buildActionMask = 2147483647;
			files = (
				98A689851FBB371C001177F3 /* FideasLib.framework in Frameworks */,
			);
			runOnlyForDeploymentPostprocessing = 0;
		};
/* End PBXFrameworksBuildPhase section */

/* Begin PBXGroup section */
		98A689601FBB3560001177F3 = {
			isa = PBXGroup;
			children = (
				98A6897E1FBB3611001177F3 /* FideasLib.framework */,
				98A6896B1FBB3560001177F3 /* FideasLibTest */,
				98A6896A1FBB3560001177F3 /* Products */,
				98A689821FBB36FD001177F3 /* Frameworks */,
			);
			sourceTree = "<group>";
		};
		98A6896A1FBB3560001177F3 /* Products */ = {
			isa = PBXGroup;
			children = (
				98A689691FBB3560001177F3 /* FideasLibTest.app */,
			);
			name = Products;
			sourceTree = "<group>";
		};
		98A6896B1FBB3560001177F3 /* FideasLibTest */ = {
			isa = PBXGroup;
			children = (
				98A6896C1FBB3560001177F3 /* AppDelegate.swift */,
				98A6896E1FBB3560001177F3 /* ViewController.swift */,
				98A689701FBB3560001177F3 /* Main.storyboard */,
				98A689731FBB3560001177F3 /* Assets.xcassets */,
				98A689751FBB3560001177F3 /* LaunchScreen.storyboard */,
				98A689781FBB3560001177F3 /* Info.plist */,
			);
			path = FideasLibTest;
			sourceTree = "<group>";
		};
		98A689821FBB36FD001177F3 /* Frameworks */ = {
			isa = PBXGroup;
			children = (
				98A689861FBB371C001177F3 /* FideasLib.framework */,
				98A689841FBB36FD001177F3 /* Alamofire.framework */,
			);
			name = Frameworks;
			sourceTree = "<group>";
		};
/* End PBXGroup section */

/* Begin PBXNativeTarget section */
		98A689681FBB3560001177F3 /* FideasLibTest */ = {
			isa = PBXNativeTarget;
			buildConfigurationList = 98A6897B1FBB3560001177F3 /* Build configuration list for PBXNativeTarget "FideasLibTest" */;
			buildPhases = (
				98A689651FBB3560001177F3 /* Sources */,
				98A689661FBB3560001177F3 /* Frameworks */,
				98A689671FBB3560001177F3 /* Resources */,
			);
			buildRules = (
			);
			dependencies = (
			);
			name = FideasLibTest;
			productName = FideasLibTest;
			productReference = 98A689691FBB3560001177F3 /* FideasLibTest.app */;
			productType = "com.apple.product-type.application";
		};
/* End PBXNativeTarget section */

/* Begin PBXProject section */
		98A689611FBB3560001177F3 /* Project object */ = {
			isa = PBXProject;
			attributes = {
				LastSwiftUpdateCheck = 0910;
				LastUpgradeCheck = 0910;
				ORGANIZATIONNAME = Salyangoz;
				TargetAttributes = {
					98A689681FBB3560001177F3 = {
						CreatedOnToolsVersion = 9.1;
						ProvisioningStyle = Automatic;
					};
				};
			};
			buildConfigurationList = 98A689641FBB3560001177F3 /* Build configuration list for PBXProject "FideasLibTest" */;
			compatibilityVersion = "Xcode 8.0";
			developmentRegion = en;
			hasScannedForEncodings = 0;
			knownRegions = (
				en,
				Base,
			);
			mainGroup = 98A689601FBB3560001177F3;
			productRefGroup = 98A6896A1FBB3560001177F3 /* Products */;
			projectDirPath = "";
			projectRoot = "";
			targets = (
				98A689681FBB3560001177F3 /* FideasLibTest */,
			);
		};
/* End PBXProject section */

/* Begin PBXResourcesBuildPhase section */
		98A689671FBB3560001177F3 /* Resources */ = {
			isa = PBXResourcesBuildPhase;
			buildActionMask = 2147483647;
			files = (
				98A689771FBB3560001177F3 /* LaunchScreen.storyboard in Resources */,
				98A689741FBB3560001177F3 /* Assets.xcassets in Resources */,
				98A689721FBB3560001177F3 /* Main.storyboard in Resources */,
			);
			runOnlyForDeploymentPostprocessing = 0;
		};
/* End PBXResourcesBuildPhase section */

/* Begin PBXSourcesBuildPhase section */
		98A689651FBB3560001177F3 /* Sources */ = {
			isa = PBXSourcesBuildPhase;
			buildActionMask = 2147483647;
			files = (
				98A6896F1FBB3560001177F3 /* ViewController.swift in Sources */,
				98A6896D1FBB3560001177F3 /* AppDelegate.swift in Sources */,
			);
			runOnlyForDeploymentPostprocessing = 0;
		};
/* End PBXSourcesBuildPhase section */

/* Begin PBXVariantGroup section */
		98A689701FBB3560001177F3 /* Main.storyboard */ = {
			isa = PBXVariantGroup;
			children = (
				98A689711FBB3560001177F3 /* Base */,
			);
			name = Main.storyboard;
			sourceTree = "<group>";
		};
		98A689751FBB3560001177F3 /* LaunchScreen.storyboard */ = {
			isa = PBXVariantGroup;
			children = (
				98A689761FBB3560001177F3 /* Base */,
			);
			name = LaunchScreen.storyboard;
			sourceTree = "<group>";
		};
/* End PBXVariantGroup section */

/* Begin XCBuildConfiguration section */
		98A689791FBB3560001177F3 /* Debug */ = {
			isa = XCBuildConfiguration;
			buildSettings = {
				ALWAYS_SEARCH_USER_PATHS = NO;
				CLANG_ANALYZER_NONNULL = YES;
				CLANG_ANALYZER_NUMBER_OBJECT_CONVERSION = YES_AGGRESSIVE;
				CLANG_CXX_LANGUAGE_STANDARD = "gnu++14";
				CLANG_CXX_LIBRARY = "libc++";
				CLANG_ENABLE_MODULES = YES;
				CLANG_ENABLE_OBJC_ARC = YES;
				CLANG_WARN_BLOCK_CAPTURE_AUTORELEASING = YES;
				CLANG_WARN_BOOL_CONVERSION = YES;
				CLANG_WARN_COMMA = YES;
				CLANG_WARN_CONSTANT_CONVERSION = YES;
				CLANG_WARN_DIRECT_OBJC_ISA_USAGE = YES_ERROR;
				CLANG_WARN_DOCUMENTATION_COMMENTS = YES;
				CLANG_WARN_EMPTY_BODY = YES;
				CLANG_WARN_ENUM_CONVERSION = YES;
				CLANG_WARN_INFINITE_RECURSION = YES;
				CLANG_WARN_INT_CONVERSION = YES;
				CLANG_WARN_NON_LITERAL_NULL_CONVERSION = YES;
				CLANG_WARN_OBJC_LITERAL_CONVERSION = YES;
				CLANG_WARN_OBJC_ROOT_CLASS = YES_ERROR;
				CLANG_WARN_RANGE_LOOP_ANALYSIS = YES;
				CLANG_WARN_STRICT_PROTOTYPES = YES;
				CLANG_WARN_SUSPICIOUS_MOVE = YES;
				CLANG_WARN_UNGUARDED_AVAILABILITY = YES_AGGRESSIVE;
				CLANG_WARN_UNREACHABLE_CODE = YES;
				CLANG_WARN__DUPLICATE_METHOD_MATCH = YES;
				CODE_SIGN_IDENTITY = "iPhone Developer";
				COPY_PHASE_STRIP = NO;
				DEBUG_INFORMATION_FORMAT = dwarf;
				ENABLE_STRICT_OBJC_MSGSEND = YES;
				ENABLE_TESTABILITY = YES;
				GCC_C_LANGUAGE_STANDARD = gnu11;
				GCC_DYNAMIC_NO_PIC = NO;
				GCC_NO_COMMON_BLOCKS = YES;
				GCC_OPTIMIZATION_LEVEL = 0;
				GCC_PREPROCESSOR_DEFINITIONS = (
					"DEBUG=1",
					"$(inherited)",
				);
				GCC_WARN_64_TO_32_BIT_CONVERSION = YES;
				GCC_WARN_ABOUT_RETURN_TYPE = YES_ERROR;
				GCC_WARN_UNDECLARED_SELECTOR = YES;
				GCC_WARN_UNINITIALIZED_AUTOS = YES_AGGRESSIVE;
				GCC_WARN_UNUSED_FUNCTION = YES;
				GCC_WARN_UNUSED_VARIABLE = YES;
				IPHONEOS_DEPLOYMENT_TARGET = 11.1;
				MTL_ENABLE_DEBUG_INFO = YES;
				ONLY_ACTIVE_ARCH = YES;
				SDKROOT = iphoneos;
				SWIFT_ACTIVE_COMPILATION_CONDITIONS = DEBUG;
				SWIFT_OPTIMIZATION_LEVEL = "-Onone";
			};
			name = Debug;
		};
		98A6897A1FBB3560001177F3 /* Release */ = {
			isa = XCBuildConfiguration;
			buildSettings = {
				ALWAYS_SEARCH_USER_PATHS = NO;
				CLANG_ANALYZER_NONNULL = YES;
				CLANG_ANALYZER_NUMBER_OBJECT_CONVERSION = YES_AGGRESSIVE;
				CLANG_CXX_LANGUAGE_STANDARD = "gnu++14";
				CLANG_CXX_LIBRARY = "libc++";
				CLANG_ENABLE_MODULES = YES;
				CLANG_ENABLE_OBJC_ARC = YES;
				CLANG_WARN_BLOCK_CAPTURE_AUTORELEASING = YES;
				CLANG_WARN_BOOL_CONVERSION = YES;
				CLANG_WARN_COMMA = YES;
				CLANG_WARN_CONSTANT_CONVERSION = YES;
				CLANG_WARN_DIRECT_OBJC_ISA_USAGE = YES_ERROR;
				CLANG_WARN_DOCUMENTATION_COMMENTS = YES;
				CLANG_WARN_EMPTY_BODY = YES;
				CLANG_WARN_ENUM_CONVERSION = YES;
				CLANG_WARN_INFINITE_RECURSION = YES;
				CLANG_WARN_INT_CONVERSION = YES;
				CLANG_WARN_NON_LITERAL_NULL_CONVERSION = YES;
				CLANG_WARN_OBJC_LITERAL_CONVERSION = YES;
				CLANG_WARN_OBJC_ROOT_CLASS = YES_ERROR;
				CLANG_WARN_RANGE_LOOP_ANALYSIS = YES;
				CLANG_WARN_STRICT_PROTOTYPES = YES;
				CLANG_WARN_SUSPICIOUS_MOVE = YES;
				CLANG_WARN_UNGUARDED_AVAILABILITY = YES_AGGRESSIVE;
				CLANG_WARN_UNREACHABLE_CODE = YES;
				CLANG_WARN__DUPLICATE_METHOD_MATCH = YES;
				CODE_SIGN_IDENTITY = "iPhone Developer";
				COPY_PHASE_STRIP = NO;
				DEBUG_INFORMATION_FORMAT = "dwarf-with-dsym";
				ENABLE_NS_ASSERTIONS = NO;
				ENABLE_STRICT_OBJC_MSGSEND = YES;
				GCC_C_LANGUAGE_STANDARD = gnu11;
				GCC_NO_COMMON_BLOCKS = YES;
				GCC_WARN_64_TO_32_BIT_CONVERSION = YES;
				GCC_WARN_ABOUT_RETURN_TYPE = YES_ERROR;
				GCC_WARN_UNDECLARED_SELECTOR = YES;
				GCC_WARN_UNINITIALIZED_AUTOS = YES_AGGRESSIVE;
				GCC_WARN_UNUSED_FUNCTION = YES;
				GCC_WARN_UNUSED_VARIABLE = YES;
				IPHONEOS_DEPLOYMENT_TARGET = 11.1;
				MTL_ENABLE_DEBUG_INFO = NO;
				SDKROOT = iphoneos;
				SWIFT_OPTIMIZATION_LEVEL = "-Owholemodule";
				VALIDATE_PRODUCT = YES;
			};
			name = Release;
		};
		98A6897C1FBB3560001177F3 /* Debug */ = {
			isa = XCBuildConfiguration;
			buildSettings = {
				ASSETCATALOG_COMPILER_APPICON_NAME = AppIcon;
				CODE_SIGN_STYLE = Automatic;
				DEVELOPMENT_TEAM = 799TBCGXRD;
				INFOPLIST_FILE = FideasLibTest/Info.plist;
				LD_RUNPATH_SEARCH_PATHS = "$(inherited) @executable_path/Frameworks";
				PRODUCT_BUNDLE_IDENTIFIER = com.FideasLibTest;
				PRODUCT_NAME = "$(TARGET_NAME)";
				SWIFT_VERSION = 4.0;
				TARGETED_DEVICE_FAMILY = "1,2";
			};
			name = Debug;
		};
		98A6897D1FBB3560001177F3 /* Release */ = {
			isa = XCBuildConfiguration;
			buildSettings = {
				ASSETCATALOG_COMPILER_APPICON_NAME = AppIcon;
				CODE_SIGN_STYLE = Automatic;
				DEVELOPMENT_TEAM = 799TBCGXRD;
				INFOPLIST_FILE = FideasLibTest/Info.plist;
				LD_RUNPATH_SEARCH_PATHS = "$(inherited) @executable_path/Frameworks";
				PRODUCT_BUNDLE_IDENTIFIER = com.FideasLibTest;
				PRODUCT_NAME = "$(TARGET_NAME)";
				SWIFT_VERSION = 4.0;
				TARGETED_DEVICE_FAMILY = "1,2";
			};
			name = Release;
		};
/* End XCBuildConfiguration section */

/* Begin XCConfigurationList section */
		98A689641FBB3560001177F3 /* Build configuration list for PBXProject "FideasLibTest" */ = {
			isa = XCConfigurationList;
			buildConfigurations = (
				98A689791FBB3560001177F3 /* Debug */,
				98A6897A1FBB3560001177F3 /* Release */,
			);
			defaultConfigurationIsVisible = 0;
			defaultConfigurationName = Release;
		};
		98A6897B1FBB3560001177F3 /* Build configuration list for PBXNativeTarget "FideasLibTest" */ = {
			isa = XCConfigurationList;
			buildConfigurations = (
				98A6897C1FBB3560001177F3 /* Debug */,
				98A6897D1FBB3560001177F3 /* Release */,
			);
			defaultConfigurationIsVisible = 0;
			defaultConfigurationName = Release;
		};
/* End XCConfigurationList section */
	};
	rootObject = 98A689611FBB3560001177F3 /* Project object */;
}
